
Microsoft Visual Studio Solution File, Format Version 11.00
# Visual Studio 2010
# SharpDevelop 5.1
Project("{FAE04EC0-301F-11D3-BF4B-00C04F79EFBC}") = "AlmacenPepito", "AlmacenPepito\AlmacenPepito.csproj", "{1980D311-AFE0-41CA-875C-F5CEEE5733DB}"
EndProject
Global
	GlobalSection(SolutionConfigurationPlatforms) = preSolution
		Debug|Any CPU = Debug|Any CPU
		Release|Any CPU = Release|Any CPU
	EndGlobalSection
	GlobalSection(ProjectConfigurationPlatforms) = postSolution
		{1980D311-AFE0-41CA-875C-F5CEEE5733DB}.Debug|Any CPU.ActiveCfg = Debug|Any CPU
		{1980D311-AFE0-41CA-875C-F5CEEE5733DB}.Debug|Any CPU.Build.0 = Debug|Any CPU
		{1980D311-AFE0-41CA-875C-F5CEEE5733DB}.Release|Any CPU.ActiveCfg = Release|Any CPU
		{1980D311-AFE0-41CA-875C-F5CEEE5733DB}.Release|Any CPU.Build.0 = Release|Any CPU
	EndGlobalSection
EndGlobal
